
Microsoft Visual Studio Solution File, Format Version 12.00
# Visual Studio Version 17
VisualStudioVersion = 17.0.32112.339
MinimumVisualStudioVersion = 10.0.40219.1
Project("{9A19103F-16F7-4668-BE54-9A1E7A4F7556}") = "FTE1", "FTE1.csproj", "{8E20122F-4AE8-47AB-9B58-7D35DCCCFC5B}"
EndProject
Project("{9A19103F-16F7-4668-BE54-9A1E7A4F7556}") = "arrays", "..\arrays\arrays.csproj", "{DBC06A5C-4FCC-4F0D-9AF1-0E28235AE3D7}"
EndProject
Project("{9A19103F-16F7-4668-BE54-9A1E7A4F7556}") = "ForWhileHybrid", "..\ForWhileHybrid\ForWhileHybrid.csproj", "{D91704D5-F20A-4831-92BC-F6DEC18C8ABD}"
EndProject
Project("{9A19103F-16F7-4668-BE54-9A1E7A4F7556}") = "zinseszins", "..\zinseszins\zinseszins.csproj", "{074C7D36-4D2F-4C7E-9CE2-73EE637D611B}"
EndProject
Project("{9A19103F-16F7-4668-BE54-9A1E7A4F7556}") = "Algorithm-Star-Square", "..\Algorithm-Star-Square\Algorithm-Star-Square.csproj", "{637F081E-10B4-44CF-BAF6-1498D504BD41}"
EndProject
Project("{9A19103F-16F7-4668-BE54-9A1E7A4F7556}") = "Array_delete_input", "..\Array_delete_input\Array_delete_input.csproj", "{5ABCD6AE-7807-4637-B191-B88AE686C5CC}"
EndProject
Project("{9A19103F-16F7-4668-BE54-9A1E7A4F7556}") = "Klassenarbeit2-A3", "..\Klassenarbeit2-A3\Klassenarbeit2-A3.csproj", "{92B0C52C-EDAB-4F2D-A044-B7BD0CC75E2A}"
EndProject
Project("{9A19103F-16F7-4668-BE54-9A1E7A4F7556}") = "BubbleSort", "..\BubbleSort\BubbleSort.csproj", "{C4EDD607-6A26-43DB-AF71-7ADED55EE569}"
EndProject
Project("{9A19103F-16F7-4668-BE54-9A1E7A4F7556}") = "selectionSort", "..\selectionSort\selectionSort.csproj", "{0BEAA9CA-653D-4BCF-9948-FC9071E3B89C}"
EndProject
Project("{9A19103F-16F7-4668-BE54-9A1E7A4F7556}") = "Lotto", "..\Lotto\Lotto.csproj", "{4A0D53E1-77A2-4839-89F9-4FC71E1F41DA}"
EndProject
Project("{9A19103F-16F7-4668-BE54-9A1E7A4F7556}") = "statischeMethodenInCSharp", "..\statischeMethodenInCSharp\statischeMethodenInCSharp.csproj", "{EB275F6F-56B9-4E92-A3F2-9F4B4A4A8463}"
EndProject
Project("{FAE04EC0-301F-11D3-BF4B-00C04F79EFBC}") = "Program_Shop", "H:\Projekte\Programmieren\!github\FTE1-School\FTE1\Program_Shop\Program_Shop.csproj", "{841961A2-4E97-4EF7-9FAC-FAFE0C4B7071}"
EndProject
Project("{9A19103F-16F7-4668-BE54-9A1E7A4F7556}") = "Bruchrechnen", "..\Bruchrechnen\Bruchrechnen.csproj", "{A0FF4AE0-BC3C-4292-B5F3-1F3C8102A731}"
EndProject
Project("{FAE04EC0-301F-11D3-BF4B-00C04F79EFBC}") = "ConvertToUndCasting", "..\ConvertToUndCasting\ConvertToUndCasting.csproj", "{64317EC6-37F0-4E70-BA50-27EF39B1A908}"
EndProject
Global
	GlobalSection(SolutionConfigurationPlatforms) = preSolution
		Debug|Any CPU = Debug|Any CPU
		Debug|x86 = Debug|x86
		Release|Any CPU = Release|Any CPU
		Release|x86 = Release|x86
	EndGlobalSection
	GlobalSection(ProjectConfigurationPlatforms) = postSolution
		{8E20122F-4AE8-47AB-9B58-7D35DCCCFC5B}.Debug|Any CPU.ActiveCfg = Debug|Any CPU
		{8E20122F-4AE8-47AB-9B58-7D35DCCCFC5B}.Debug|Any CPU.Build.0 = Debug|Any CPU
		{8E20122F-4AE8-47AB-9B58-7D35DCCCFC5B}.Debug|x86.ActiveCfg = Debug|Any CPU
		{8E20122F-4AE8-47AB-9B58-7D35DCCCFC5B}.Debug|x86.Build.0 = Debug|Any CPU
		{8E20122F-4AE8-47AB-9B58-7D35DCCCFC5B}.Release|Any CPU.ActiveCfg = Release|Any CPU
		{8E20122F-4AE8-47AB-9B58-7D35DCCCFC5B}.Release|Any CPU.Build.0 = Release|Any CPU
		{8E20122F-4AE8-47AB-9B58-7D35DCCCFC5B}.Release|x86.ActiveCfg = Release|Any CPU
		{8E20122F-4AE8-47AB-9B58-7D35DCCCFC5B}.Release|x86.Build.0 = Release|Any CPU
		{DBC06A5C-4FCC-4F0D-9AF1-0E28235AE3D7}.Debug|Any CPU.ActiveCfg = Debug|Any CPU
		{DBC06A5C-4FCC-4F0D-9AF1-0E28235AE3D7}.Debug|Any CPU.Build.0 = Debug|Any CPU
		{DBC06A5C-4FCC-4F0D-9AF1-0E28235AE3D7}.Debug|x86.ActiveCfg = Debug|Any CPU
		{DBC06A5C-4FCC-4F0D-9AF1-0E28235AE3D7}.Debug|x86.Build.0 = Debug|Any CPU
		{DBC06A5C-4FCC-4F0D-9AF1-0E28235AE3D7}.Release|Any CPU.ActiveCfg = Release|Any CPU
		{DBC06A5C-4FCC-4F0D-9AF1-0E28235AE3D7}.Release|Any CPU.Build.0 = Release|Any CPU
		{DBC06A5C-4FCC-4F0D-9AF1-0E28235AE3D7}.Release|x86.ActiveCfg = Release|Any CPU
		{DBC06A5C-4FCC-4F0D-9AF1-0E28235AE3D7}.Release|x86.Build.0 = Release|Any CPU
		{D91704D5-F20A-4831-92BC-F6DEC18C8ABD}.Debug|Any CPU.ActiveCfg = Debug|Any CPU
		{D91704D5-F20A-4831-92BC-F6DEC18C8ABD}.Debug|Any CPU.Build.0 = Debug|Any CPU
		{D91704D5-F20A-4831-92BC-F6DEC18C8ABD}.Debug|x86.ActiveCfg = Debug|Any CPU
		{D91704D5-F20A-4831-92BC-F6DEC18C8ABD}.Debug|x86.Build.0 = Debug|Any CPU
		{D91704D5-F20A-4831-92BC-F6DEC18C8ABD}.Release|Any CPU.ActiveCfg = Release|Any CPU
		{D91704D5-F20A-4831-92BC-F6DEC18C8ABD}.Release|Any CPU.Build.0 = Release|Any CPU
		{D91704D5-F20A-4831-92BC-F6DEC18C8ABD}.Release|x86.ActiveCfg = Release|Any CPU
		{D91704D5-F20A-4831-92BC-F6DEC18C8ABD}.Release|x86.Build.0 = Release|Any CPU
		{074C7D36-4D2F-4C7E-9CE2-73EE637D611B}.Debug|Any CPU.ActiveCfg = Debug|Any CPU
		{074C7D36-4D2F-4C7E-9CE2-73EE637D611B}.Debug|Any CPU.Build.0 = Debug|Any CPU
		{074C7D36-4D2F-4C7E-9CE2-73EE637D611B}.Debug|x86.ActiveCfg = Debug|Any CPU
		{074C7D36-4D2F-4C7E-9CE2-73EE637D611B}.Debug|x86.Build.0 = Debug|Any CPU
		{074C7D36-4D2F-4C7E-9CE2-73EE637D611B}.Release|Any CPU.ActiveCfg = Release|Any CPU
		{074C7D36-4D2F-4C7E-9CE2-73EE637D611B}.Release|Any CPU.Build.0 = Release|Any CPU
		{074C7D36-4D2F-4C7E-9CE2-73EE637D611B}.Release|x86.ActiveCfg = Release|Any CPU
		{074C7D36-4D2F-4C7E-9CE2-73EE637D611B}.Release|x86.Build.0 = Release|Any CPU
		{637F081E-10B4-44CF-BAF6-1498D504BD41}.Debug|Any CPU.ActiveCfg = Debug|Any CPU
		{637F081E-10B4-44CF-BAF6-1498D504BD41}.Debug|Any CPU.Build.0 = Debug|Any CPU
		{637F081E-10B4-44CF-BAF6-1498D504BD41}.Debug|x86.ActiveCfg = Debug|Any CPU
		{637F081E-10B4-44CF-BAF6-1498D504BD41}.Debug|x86.Build.0 = Debug|Any CPU
		{637F081E-10B4-44CF-BAF6-1498D504BD41}.Release|Any CPU.ActiveCfg = Release|Any CPU
		{637F081E-10B4-44CF-BAF6-1498D504BD41}.Release|Any CPU.Build.0 = Release|Any CPU
		{637F081E-10B4-44CF-BAF6-1498D504BD41}.Release|x86.ActiveCfg = Release|Any CPU
		{637F081E-10B4-44CF-BAF6-1498D504BD41}.Release|x86.Build.0 = Release|Any CPU
		{5ABCD6AE-7807-4637-B191-B88AE686C5CC}.Debug|Any CPU.ActiveCfg = Debug|Any CPU
		{5ABCD6AE-7807-4637-B191-B88AE686C5CC}.Debug|Any CPU.Build.0 = Debug|Any CPU
		{5ABCD6AE-7807-4637-B191-B88AE686C5CC}.Debug|x86.ActiveCfg = Debug|Any CPU
		{5ABCD6AE-7807-4637-B191-B88AE686C5CC}.Debug|x86.Build.0 = Debug|Any CPU
		{5ABCD6AE-7807-4637-B191-B88AE686C5CC}.Release|Any CPU.ActiveCfg = Release|Any CPU
		{5ABCD6AE-7807-4637-B191-B88AE686C5CC}.Release|Any CPU.Build.0 = Release|Any CPU
		{5ABCD6AE-7807-4637-B191-B88AE686C5CC}.Release|x86.ActiveCfg = Release|Any CPU
		{5ABCD6AE-7807-4637-B191-B88AE686C5CC}.Release|x86.Build.0 = Release|Any CPU
		{92B0C52C-EDAB-4F2D-A044-B7BD0CC75E2A}.Debug|Any CPU.ActiveCfg = Debug|Any CPU
		{92B0C52C-EDAB-4F2D-A044-B7BD0CC75E2A}.Debug|Any CPU.Build.0 = Debug|Any CPU
		{92B0C52C-EDAB-4F2D-A044-B7BD0CC75E2A}.Debug|x86.ActiveCfg = Debug|Any CPU
		{92B0C52C-EDAB-4F2D-A044-B7BD0CC75E2A}.Debug|x86.Build.0 = Debug|Any CPU
		{92B0C52C-EDAB-4F2D-A044-B7BD0CC75E2A}.Release|Any CPU.ActiveCfg = Release|Any CPU
		{92B0C52C-EDAB-4F2D-A044-B7BD0CC75E2A}.Release|Any CPU.Build.0 = Release|Any CPU
		{92B0C52C-EDAB-4F2D-A044-B7BD0CC75E2A}.Release|x86.ActiveCfg = Release|Any CPU
		{92B0C52C-EDAB-4F2D-A044-B7BD0CC75E2A}.Release|x86.Build.0 = Release|Any CPU
		{C4EDD607-6A26-43DB-AF71-7ADED55EE569}.Debug|Any CPU.ActiveCfg = Debug|Any CPU
		{C4EDD607-6A26-43DB-AF71-7ADED55EE569}.Debug|Any CPU.Build.0 = Debug|Any CPU
		{C4EDD607-6A26-43DB-AF71-7ADED55EE569}.Debug|x86.ActiveCfg = Debug|Any CPU
		{C4EDD607-6A26-43DB-AF71-7ADED55EE569}.Debug|x86.Build.0 = Debug|Any CPU
		{C4EDD607-6A26-43DB-AF71-7ADED55EE569}.Release|Any CPU.ActiveCfg = Release|Any CPU
		{C4EDD607-6A26-43DB-AF71-7ADED55EE569}.Release|Any CPU.Build.0 = Release|Any CPU
		{C4EDD607-6A26-43DB-AF71-7ADED55EE569}.Release|x86.ActiveCfg = Release|Any CPU
		{C4EDD607-6A26-43DB-AF71-7ADED55EE569}.Release|x86.Build.0 = Release|Any CPU
		{0BEAA9CA-653D-4BCF-9948-FC9071E3B89C}.Debug|Any CPU.ActiveCfg = Debug|Any CPU
		{0BEAA9CA-653D-4BCF-9948-FC9071E3B89C}.Debug|Any CPU.Build.0 = Debug|Any CPU
		{0BEAA9CA-653D-4BCF-9948-FC9071E3B89C}.Debug|x86.ActiveCfg = Debug|Any CPU
		{0BEAA9CA-653D-4BCF-9948-FC9071E3B89C}.Debug|x86.Build.0 = Debug|Any CPU
		{0BEAA9CA-653D-4BCF-9948-FC9071E3B89C}.Release|Any CPU.ActiveCfg = Release|Any CPU
		{0BEAA9CA-653D-4BCF-9948-FC9071E3B89C}.Release|Any CPU.Build.0 = Release|Any CPU
		{0BEAA9CA-653D-4BCF-9948-FC9071E3B89C}.Release|x86.ActiveCfg = Release|Any CPU
		{0BEAA9CA-653D-4BCF-9948-FC9071E3B89C}.Release|x86.Build.0 = Release|Any CPU
		{4A0D53E1-77A2-4839-89F9-4FC71E1F41DA}.Debug|Any CPU.ActiveCfg = Debug|Any CPU
		{4A0D53E1-77A2-4839-89F9-4FC71E1F41DA}.Debug|Any CPU.Build.0 = Debug|Any CPU
		{4A0D53E1-77A2-4839-89F9-4FC71E1F41DA}.Debug|x86.ActiveCfg = Debug|Any CPU
		{4A0D53E1-77A2-4839-89F9-4FC71E1F41DA}.Debug|x86.Build.0 = Debug|Any CPU
		{4A0D53E1-77A2-4839-89F9-4FC71E1F41DA}.Release|Any CPU.ActiveCfg = Release|Any CPU
		{4A0D53E1-77A2-4839-89F9-4FC71E1F41DA}.Release|Any CPU.Build.0 = Release|Any CPU
		{4A0D53E1-77A2-4839-89F9-4FC71E1F41DA}.Release|x86.ActiveCfg = Release|Any CPU
		{4A0D53E1-77A2-4839-89F9-4FC71E1F41DA}.Release|x86.Build.0 = Release|Any CPU
		{EB275F6F-56B9-4E92-A3F2-9F4B4A4A8463}.Debug|Any CPU.ActiveCfg = Debug|Any CPU
		{EB275F6F-56B9-4E92-A3F2-9F4B4A4A8463}.Debug|Any CPU.Build.0 = Debug|Any CPU
		{EB275F6F-56B9-4E92-A3F2-9F4B4A4A8463}.Debug|x86.ActiveCfg = Debug|Any CPU
		{EB275F6F-56B9-4E92-A3F2-9F4B4A4A8463}.Debug|x86.Build.0 = Debug|Any CPU
		{EB275F6F-56B9-4E92-A3F2-9F4B4A4A8463}.Release|Any CPU.ActiveCfg = Release|Any CPU
		{EB275F6F-56B9-4E92-A3F2-9F4B4A4A8463}.Release|Any CPU.Build.0 = Release|Any CPU
		{EB275F6F-56B9-4E92-A3F2-9F4B4A4A8463}.Release|x86.ActiveCfg = Release|Any CPU
		{EB275F6F-56B9-4E92-A3F2-9F4B4A4A8463}.Release|x86.Build.0 = Release|Any CPU
		{841961A2-4E97-4EF7-9FAC-FAFE0C4B7071}.Debug|Any CPU.ActiveCfg = Debug|x86
		{841961A2-4E97-4EF7-9FAC-FAFE0C4B7071}.Debug|Any CPU.Build.0 = Debug|x86
		{841961A2-4E97-4EF7-9FAC-FAFE0C4B7071}.Debug|x86.ActiveCfg = Debug|x86
		{841961A2-4E97-4EF7-9FAC-FAFE0C4B7071}.Debug|x86.Build.0 = Debug|x86
		{841961A2-4E97-4EF7-9FAC-FAFE0C4B7071}.Release|Any CPU.ActiveCfg = Release|x86
		{841961A2-4E97-4EF7-9FAC-FAFE0C4B7071}.Release|Any CPU.Build.0 = Release|x86
		{841961A2-4E97-4EF7-9FAC-FAFE0C4B7071}.Release|x86.ActiveCfg = Release|x86
		{841961A2-4E97-4EF7-9FAC-FAFE0C4B7071}.Release|x86.Build.0 = Release|x86
		{A0FF4AE0-BC3C-4292-B5F3-1F3C8102A731}.Debug|Any CPU.ActiveCfg = Debug|Any CPU
		{A0FF4AE0-BC3C-4292-B5F3-1F3C8102A731}.Debug|Any CPU.Build.0 = Debug|Any CPU
		{A0FF4AE0-BC3C-4292-B5F3-1F3C8102A731}.Debug|x86.ActiveCfg = Debug|Any CPU
		{A0FF4AE0-BC3C-4292-B5F3-1F3C8102A731}.Debug|x86.Build.0 = Debug|Any CPU
		{A0FF4AE0-BC3C-4292-B5F3-1F3C8102A731}.Release|Any CPU.ActiveCfg = Release|Any CPU
		{A0FF4AE0-BC3C-4292-B5F3-1F3C8102A731}.Release|Any CPU.Build.0 = Release|Any CPU
		{A0FF4AE0-BC3C-4292-B5F3-1F3C8102A731}.Release|x86.ActiveCfg = Release|Any CPU
		{A0FF4AE0-BC3C-4292-B5F3-1F3C8102A731}.Release|x86.Build.0 = Release|Any CPU
		{64317EC6-37F0-4E70-BA50-27EF39B1A908}.Debug|Any CPU.ActiveCfg = Debug|Any CPU
		{64317EC6-37F0-4E70-BA50-27EF39B1A908}.Debug|Any CPU.Build.0 = Debug|Any CPU
		{64317EC6-37F0-4E70-BA50-27EF39B1A908}.Debug|x86.ActiveCfg = Debug|Any CPU
		{64317EC6-37F0-4E70-BA50-27EF39B1A908}.Debug|x86.Build.0 = Debug|Any CPU
		{64317EC6-37F0-4E70-BA50-27EF39B1A908}.Release|Any CPU.ActiveCfg = Release|Any CPU
		{64317EC6-37F0-4E70-BA50-27EF39B1A908}.Release|Any CPU.Build.0 = Release|Any CPU
		{64317EC6-37F0-4E70-BA50-27EF39B1A908}.Release|x86.ActiveCfg = Release|Any CPU
		{64317EC6-37F0-4E70-BA50-27EF39B1A908}.Release|x86.Build.0 = Release|Any CPU
	EndGlobalSection
	GlobalSection(SolutionProperties) = preSolution
		HideSolutionNode = FALSE
	EndGlobalSection
	GlobalSection(ExtensibilityGlobals) = postSolution
		SolutionGuid = {00664C14-CD7E-4FF0-A045-CD49FF5981D7}
	EndGlobalSection
EndGlobal
